
Microsoft Visual Studio Solution File, Format Version 12.00
Project("{FAE04EC0-301F-11D3-BF4B-00C04F79EFBC}") = "Kudiyarov.YandexAlgorithms5.AA", "Kudiyarov.YandexAlgorithms5.AA\Kudiyarov.YandexAlgorithms5.AA.csproj", "{F84EAEF8-955D-488B-9157-5F9CAEA4FDAB}"
EndProject
Project("{FAE04EC0-301F-11D3-BF4B-00C04F79EFBC}") = "Kudiyarov.YandexAlgorithms5.AA.Tests", "Kudiyarov.YandexAlgorithms5.AA.Tests\Kudiyarov.YandexAlgorithms5.AA.Tests.csproj", "{AF2E38CF-B116-4936-BBE5-5A63FD12BB12}"
EndProject
Project("{FAE04EC0-301F-11D3-BF4B-00C04F79EFBC}") = "Kudiyarov.YandexAlgorithms5.BaseTest", "Kudiyarov.YandexAlgorithms5.BaseTest\Kudiyarov.YandexAlgorithms5.BaseTest.csproj", "{EE82C846-EC9B-4D92-BF4B-10E3BE6948FB}"
EndProject
Project("{FAE04EC0-301F-11D3-BF4B-00C04F79EFBC}") = "Kudiyarov.YandexAlgorithms5.AB", "Kudiyarov.YandexAlgorithms5.AB\Kudiyarov.YandexAlgorithms5.AB.csproj", "{A69AFD84-7861-4191-B911-38F53CD6872C}"
EndProject
Project("{FAE04EC0-301F-11D3-BF4B-00C04F79EFBC}") = "Kudiyarov.YandexAlgorithms5.AB.Tests", "Kudiyarov.YandexAlgorithms5.AB.Tests\Kudiyarov.YandexAlgorithms5.AB.Tests.csproj", "{E503A2CD-0460-4DB2-9A43-72FADA8B0E35}"
EndProject
Project("{FAE04EC0-301F-11D3-BF4B-00C04F79EFBC}") = "Kudiyarov.YandexAlgorithms5.AD", "Kudiyarov.YandexAlgorithms5.AD\Kudiyarov.YandexAlgorithms5.AD.csproj", "{2BDC817A-CC66-4FE9-88DA-1BC1A46B4C1E}"
EndProject
Project("{FAE04EC0-301F-11D3-BF4B-00C04F79EFBC}") = "Kudiyarov.YandexAlgorithms5.AD.Tests", "Kudiyarov.YandexAlgorithms5.AD.Tests\Kudiyarov.YandexAlgorithms5.AD.Tests.csproj", "{90A76E68-8321-4D3A-97E7-ADF7DB53F2BE}"
EndProject
Project("{FAE04EC0-301F-11D3-BF4B-00C04F79EFBC}") = "Kudiyarov.YandexAlgorithms5.AE", "Kudiyarov.YandexAlgorithms5.AE\Kudiyarov.YandexAlgorithms5.AE.csproj", "{92E226FB-15A6-4D53-860A-1567FF2F610B}"
EndProject
Project("{FAE04EC0-301F-11D3-BF4B-00C04F79EFBC}") = "Kudiyarov.YandexAlgorithms5.AE.Tests", "Kudiyarov.YandexAlgorithms5.AE.Tests\Kudiyarov.YandexAlgorithms5.AE.Tests.csproj", "{C9903D37-2D2F-4D27-83D7-65FB57482DBC}"
EndProject
Project("{FAE04EC0-301F-11D3-BF4B-00C04F79EFBC}") = "Kudiyarov.YandexAlgorithms5.AF", "Kudiyarov.YandexAlgorithms5.AF\Kudiyarov.YandexAlgorithms5.AF.csproj", "{59D4AE7C-21AB-4EE4-9BE6-FAE17D95E724}"
EndProject
Project("{FAE04EC0-301F-11D3-BF4B-00C04F79EFBC}") = "Kudiyarov.YandexAlgorithms5.AF.Tests", "Kudiyarov.YandexAlgorithms5.AF.Tests\Kudiyarov.YandexAlgorithms5.AF.Tests.csproj", "{87C3C163-60AD-4A50-8A5B-0404584F409E}"
EndProject
Project("{FAE04EC0-301F-11D3-BF4B-00C04F79EFBC}") = "Kudiyarov.YandexAlgorithms5.AG", "Kudiyarov.YandexAlgorithms5.AG\Kudiyarov.YandexAlgorithms5.AG.csproj", "{1FA18372-F316-483B-AD29-B3D1E40C88E8}"
EndProject
Project("{FAE04EC0-301F-11D3-BF4B-00C04F79EFBC}") = "Kudiyarov.YandexAlgorithms5.AG.Tests", "Kudiyarov.YandexAlgorithms5.AG.Tests\Kudiyarov.YandexAlgorithms5.AG.Tests.csproj", "{35E76E6A-FAE3-4746-9944-7FF5D23D78C0}"
EndProject
Project("{FAE04EC0-301F-11D3-BF4B-00C04F79EFBC}") = "Kudiyarov.YandexAlgorithms5.BA", "Kudiyarov.YandexAlgorithms5.BA\Kudiyarov.YandexAlgorithms5.BA.csproj", "{EE76842F-17D9-4E28-93B7-D9259C9B6BE5}"
EndProject
Project("{FAE04EC0-301F-11D3-BF4B-00C04F79EFBC}") = "Kudiyarov.YandexAlgorithms5.BA.Tests", "Kudiyarov.YandexAlgorithms5.BA.Tests\Kudiyarov.YandexAlgorithms5.BA.Tests.csproj", "{D0734955-497D-4747-AD3A-7AE8CA13DED5}"
EndProject
Project("{FAE04EC0-301F-11D3-BF4B-00C04F79EFBC}") = "Kudiyarov.YandexAlgorithms5.BB", "Kudiyarov.YandexAlgorithms5.BB\Kudiyarov.YandexAlgorithms5.BB.csproj", "{FDA67936-BD72-42C5-A76E-868CFDA022F9}"
EndProject
Project("{FAE04EC0-301F-11D3-BF4B-00C04F79EFBC}") = "Kudiyarov.YandexAlgorithms5.BB.Tests", "Kudiyarov.YandexAlgorithms5.BB.Tests\Kudiyarov.YandexAlgorithms5.BB.Tests.csproj", "{A5307CEF-F3A9-4855-B06F-36A43E7A0D72}"
EndProject
Project("{2150E333-8FDC-42A3-9474-1A3956D46DE8}") = "TasksA", "TasksA", "{1C6E0528-00C8-4FC3-8123-18D3269AE5B9}"
EndProject
Project("{2150E333-8FDC-42A3-9474-1A3956D46DE8}") = "TasksB", "TasksB", "{6C4AEDD0-06E2-4EDA-AC21-3EA36081C713}"
EndProject
Project("{FAE04EC0-301F-11D3-BF4B-00C04F79EFBC}") = "Kudiyarov.YandexAlgorithms5.BC", "Kudiyarov.YandexAlgorithms5.BC\Kudiyarov.YandexAlgorithms5.BC.csproj", "{A5E85F45-9371-4066-A00B-B4085E4B476F}"
EndProject
Project("{FAE04EC0-301F-11D3-BF4B-00C04F79EFBC}") = "Kudiyarov.YandexAlgorithms5.BC.Tests", "Kudiyarov.YandexAlgorithms5.BC.Tests\Kudiyarov.YandexAlgorithms5.BC.Tests.csproj", "{EC5AF385-D926-4D8A-BEB9-09EDFE7AE417}"
EndProject
Global
	GlobalSection(SolutionConfigurationPlatforms) = preSolution
		Debug|Any CPU = Debug|Any CPU
		Release|Any CPU = Release|Any CPU
	EndGlobalSection
	GlobalSection(ProjectConfigurationPlatforms) = postSolution
		{F84EAEF8-955D-488B-9157-5F9CAEA4FDAB}.Debug|Any CPU.ActiveCfg = Debug|Any CPU
		{F84EAEF8-955D-488B-9157-5F9CAEA4FDAB}.Debug|Any CPU.Build.0 = Debug|Any CPU
		{F84EAEF8-955D-488B-9157-5F9CAEA4FDAB}.Release|Any CPU.ActiveCfg = Release|Any CPU
		{F84EAEF8-955D-488B-9157-5F9CAEA4FDAB}.Release|Any CPU.Build.0 = Release|Any CPU
		{AF2E38CF-B116-4936-BBE5-5A63FD12BB12}.Debug|Any CPU.ActiveCfg = Debug|Any CPU
		{AF2E38CF-B116-4936-BBE5-5A63FD12BB12}.Debug|Any CPU.Build.0 = Debug|Any CPU
		{AF2E38CF-B116-4936-BBE5-5A63FD12BB12}.Release|Any CPU.ActiveCfg = Release|Any CPU
		{AF2E38CF-B116-4936-BBE5-5A63FD12BB12}.Release|Any CPU.Build.0 = Release|Any CPU
		{EE82C846-EC9B-4D92-BF4B-10E3BE6948FB}.Debug|Any CPU.ActiveCfg = Debug|Any CPU
		{EE82C846-EC9B-4D92-BF4B-10E3BE6948FB}.Debug|Any CPU.Build.0 = Debug|Any CPU
		{EE82C846-EC9B-4D92-BF4B-10E3BE6948FB}.Release|Any CPU.ActiveCfg = Release|Any CPU
		{EE82C846-EC9B-4D92-BF4B-10E3BE6948FB}.Release|Any CPU.Build.0 = Release|Any CPU
		{A69AFD84-7861-4191-B911-38F53CD6872C}.Debug|Any CPU.ActiveCfg = Debug|Any CPU
		{A69AFD84-7861-4191-B911-38F53CD6872C}.Debug|Any CPU.Build.0 = Debug|Any CPU
		{A69AFD84-7861-4191-B911-38F53CD6872C}.Release|Any CPU.ActiveCfg = Release|Any CPU
		{A69AFD84-7861-4191-B911-38F53CD6872C}.Release|Any CPU.Build.0 = Release|Any CPU
		{E503A2CD-0460-4DB2-9A43-72FADA8B0E35}.Debug|Any CPU.ActiveCfg = Debug|Any CPU
		{E503A2CD-0460-4DB2-9A43-72FADA8B0E35}.Debug|Any CPU.Build.0 = Debug|Any CPU
		{E503A2CD-0460-4DB2-9A43-72FADA8B0E35}.Release|Any CPU.ActiveCfg = Release|Any CPU
		{E503A2CD-0460-4DB2-9A43-72FADA8B0E35}.Release|Any CPU.Build.0 = Release|Any CPU
		{2BDC817A-CC66-4FE9-88DA-1BC1A46B4C1E}.Debug|Any CPU.ActiveCfg = Debug|Any CPU
		{2BDC817A-CC66-4FE9-88DA-1BC1A46B4C1E}.Debug|Any CPU.Build.0 = Debug|Any CPU
		{2BDC817A-CC66-4FE9-88DA-1BC1A46B4C1E}.Release|Any CPU.ActiveCfg = Release|Any CPU
		{2BDC817A-CC66-4FE9-88DA-1BC1A46B4C1E}.Release|Any CPU.Build.0 = Release|Any CPU
		{90A76E68-8321-4D3A-97E7-ADF7DB53F2BE}.Debug|Any CPU.ActiveCfg = Debug|Any CPU
		{90A76E68-8321-4D3A-97E7-ADF7DB53F2BE}.Debug|Any CPU.Build.0 = Debug|Any CPU
		{90A76E68-8321-4D3A-97E7-ADF7DB53F2BE}.Release|Any CPU.ActiveCfg = Release|Any CPU
		{90A76E68-8321-4D3A-97E7-ADF7DB53F2BE}.Release|Any CPU.Build.0 = Release|Any CPU
		{92E226FB-15A6-4D53-860A-1567FF2F610B}.Debug|Any CPU.ActiveCfg = Debug|Any CPU
		{92E226FB-15A6-4D53-860A-1567FF2F610B}.Debug|Any CPU.Build.0 = Debug|Any CPU
		{92E226FB-15A6-4D53-860A-1567FF2F610B}.Release|Any CPU.ActiveCfg = Release|Any CPU
		{92E226FB-15A6-4D53-860A-1567FF2F610B}.Release|Any CPU.Build.0 = Release|Any CPU
		{C9903D37-2D2F-4D27-83D7-65FB57482DBC}.Debug|Any CPU.ActiveCfg = Debug|Any CPU
		{C9903D37-2D2F-4D27-83D7-65FB57482DBC}.Debug|Any CPU.Build.0 = Debug|Any CPU
		{C9903D37-2D2F-4D27-83D7-65FB57482DBC}.Release|Any CPU.ActiveCfg = Release|Any CPU
		{C9903D37-2D2F-4D27-83D7-65FB57482DBC}.Release|Any CPU.Build.0 = Release|Any CPU
		{59D4AE7C-21AB-4EE4-9BE6-FAE17D95E724}.Debug|Any CPU.ActiveCfg = Debug|Any CPU
		{59D4AE7C-21AB-4EE4-9BE6-FAE17D95E724}.Debug|Any CPU.Build.0 = Debug|Any CPU
		{59D4AE7C-21AB-4EE4-9BE6-FAE17D95E724}.Release|Any CPU.ActiveCfg = Release|Any CPU
		{59D4AE7C-21AB-4EE4-9BE6-FAE17D95E724}.Release|Any CPU.Build.0 = Release|Any CPU
		{87C3C163-60AD-4A50-8A5B-0404584F409E}.Debug|Any CPU.ActiveCfg = Debug|Any CPU
		{87C3C163-60AD-4A50-8A5B-0404584F409E}.Debug|Any CPU.Build.0 = Debug|Any CPU
		{87C3C163-60AD-4A50-8A5B-0404584F409E}.Release|Any CPU.ActiveCfg = Release|Any CPU
		{87C3C163-60AD-4A50-8A5B-0404584F409E}.Release|Any CPU.Build.0 = Release|Any CPU
		{1FA18372-F316-483B-AD29-B3D1E40C88E8}.Debug|Any CPU.ActiveCfg = Debug|Any CPU
		{1FA18372-F316-483B-AD29-B3D1E40C88E8}.Debug|Any CPU.Build.0 = Debug|Any CPU
		{1FA18372-F316-483B-AD29-B3D1E40C88E8}.Release|Any CPU.ActiveCfg = Release|Any CPU
		{1FA18372-F316-483B-AD29-B3D1E40C88E8}.Release|Any CPU.Build.0 = Release|Any CPU
		{35E76E6A-FAE3-4746-9944-7FF5D23D78C0}.Debug|Any CPU.ActiveCfg = Debug|Any CPU
		{35E76E6A-FAE3-4746-9944-7FF5D23D78C0}.Debug|Any CPU.Build.0 = Debug|Any CPU
		{35E76E6A-FAE3-4746-9944-7FF5D23D78C0}.Release|Any CPU.ActiveCfg = Release|Any CPU
		{35E76E6A-FAE3-4746-9944-7FF5D23D78C0}.Release|Any CPU.Build.0 = Release|Any CPU
		{EE76842F-17D9-4E28-93B7-D9259C9B6BE5}.Debug|Any CPU.ActiveCfg = Debug|Any CPU
		{EE76842F-17D9-4E28-93B7-D9259C9B6BE5}.Debug|Any CPU.Build.0 = Debug|Any CPU
		{EE76842F-17D9-4E28-93B7-D9259C9B6BE5}.Release|Any CPU.ActiveCfg = Release|Any CPU
		{EE76842F-17D9-4E28-93B7-D9259C9B6BE5}.Release|Any CPU.Build.0 = Release|Any CPU
		{D0734955-497D-4747-AD3A-7AE8CA13DED5}.Debug|Any CPU.ActiveCfg = Debug|Any CPU
		{D0734955-497D-4747-AD3A-7AE8CA13DED5}.Debug|Any CPU.Build.0 = Debug|Any CPU
		{D0734955-497D-4747-AD3A-7AE8CA13DED5}.Release|Any CPU.ActiveCfg = Release|Any CPU
		{D0734955-497D-4747-AD3A-7AE8CA13DED5}.Release|Any CPU.Build.0 = Release|Any CPU
		{FDA67936-BD72-42C5-A76E-868CFDA022F9}.Debug|Any CPU.ActiveCfg = Debug|Any CPU
		{FDA67936-BD72-42C5-A76E-868CFDA022F9}.Debug|Any CPU.Build.0 = Debug|Any CPU
		{FDA67936-BD72-42C5-A76E-868CFDA022F9}.Release|Any CPU.ActiveCfg = Release|Any CPU
		{FDA67936-BD72-42C5-A76E-868CFDA022F9}.Release|Any CPU.Build.0 = Release|Any CPU
		{A5307CEF-F3A9-4855-B06F-36A43E7A0D72}.Debug|Any CPU.ActiveCfg = Debug|Any CPU
		{A5307CEF-F3A9-4855-B06F-36A43E7A0D72}.Debug|Any CPU.Build.0 = Debug|Any CPU
		{A5307CEF-F3A9-4855-B06F-36A43E7A0D72}.Release|Any CPU.ActiveCfg = Release|Any CPU
		{A5307CEF-F3A9-4855-B06F-36A43E7A0D72}.Release|Any CPU.Build.0 = Release|Any CPU
		{A5E85F45-9371-4066-A00B-B4085E4B476F}.Debug|Any CPU.ActiveCfg = Debug|Any CPU
		{A5E85F45-9371-4066-A00B-B4085E4B476F}.Debug|Any CPU.Build.0 = Debug|Any CPU
		{A5E85F45-9371-4066-A00B-B4085E4B476F}.Release|Any CPU.ActiveCfg = Release|Any CPU
		{A5E85F45-9371-4066-A00B-B4085E4B476F}.Release|Any CPU.Build.0 = Release|Any CPU
		{EC5AF385-D926-4D8A-BEB9-09EDFE7AE417}.Debug|Any CPU.ActiveCfg = Debug|Any CPU
		{EC5AF385-D926-4D8A-BEB9-09EDFE7AE417}.Debug|Any CPU.Build.0 = Debug|Any CPU
		{EC5AF385-D926-4D8A-BEB9-09EDFE7AE417}.Release|Any CPU.ActiveCfg = Release|Any CPU
		{EC5AF385-D926-4D8A-BEB9-09EDFE7AE417}.Release|Any CPU.Build.0 = Release|Any CPU
	EndGlobalSection
	GlobalSection(NestedProjects) = preSolution
		{F84EAEF8-955D-488B-9157-5F9CAEA4FDAB} = {1C6E0528-00C8-4FC3-8123-18D3269AE5B9}
		{AF2E38CF-B116-4936-BBE5-5A63FD12BB12} = {1C6E0528-00C8-4FC3-8123-18D3269AE5B9}
		{A69AFD84-7861-4191-B911-38F53CD6872C} = {1C6E0528-00C8-4FC3-8123-18D3269AE5B9}
		{E503A2CD-0460-4DB2-9A43-72FADA8B0E35} = {1C6E0528-00C8-4FC3-8123-18D3269AE5B9}
		{2BDC817A-CC66-4FE9-88DA-1BC1A46B4C1E} = {1C6E0528-00C8-4FC3-8123-18D3269AE5B9}
		{90A76E68-8321-4D3A-97E7-ADF7DB53F2BE} = {1C6E0528-00C8-4FC3-8123-18D3269AE5B9}
		{92E226FB-15A6-4D53-860A-1567FF2F610B} = {1C6E0528-00C8-4FC3-8123-18D3269AE5B9}
		{C9903D37-2D2F-4D27-83D7-65FB57482DBC} = {1C6E0528-00C8-4FC3-8123-18D3269AE5B9}
		{59D4AE7C-21AB-4EE4-9BE6-FAE17D95E724} = {1C6E0528-00C8-4FC3-8123-18D3269AE5B9}
		{87C3C163-60AD-4A50-8A5B-0404584F409E} = {1C6E0528-00C8-4FC3-8123-18D3269AE5B9}
		{1FA18372-F316-483B-AD29-B3D1E40C88E8} = {1C6E0528-00C8-4FC3-8123-18D3269AE5B9}
		{35E76E6A-FAE3-4746-9944-7FF5D23D78C0} = {1C6E0528-00C8-4FC3-8123-18D3269AE5B9}
		{D0734955-497D-4747-AD3A-7AE8CA13DED5} = {6C4AEDD0-06E2-4EDA-AC21-3EA36081C713}
		{FDA67936-BD72-42C5-A76E-868CFDA022F9} = {6C4AEDD0-06E2-4EDA-AC21-3EA36081C713}
		{EE76842F-17D9-4E28-93B7-D9259C9B6BE5} = {6C4AEDD0-06E2-4EDA-AC21-3EA36081C713}
		{A5307CEF-F3A9-4855-B06F-36A43E7A0D72} = {6C4AEDD0-06E2-4EDA-AC21-3EA36081C713}
		{A5E85F45-9371-4066-A00B-B4085E4B476F} = {6C4AEDD0-06E2-4EDA-AC21-3EA36081C713}
		{EC5AF385-D926-4D8A-BEB9-09EDFE7AE417} = {6C4AEDD0-06E2-4EDA-AC21-3EA36081C713}
	EndGlobalSection
EndGlobal
